
Microsoft Visual Studio Solution File, Format Version 12.00
# Visual Studio Version 17
VisualStudioVersion = 17.12.35209.166
MinimumVisualStudioVersion = 10.0.40219.1
Project("{FAE04EC0-301F-11D3-BF4B-00C04F79EFBC}") = "Ursa", "Ursa\Ursa.csproj", "{9F97115D-8264-4BE1-87D4-DC59A0DD1234}"
EndProject
Project("{FAE04EC0-301F-11D3-BF4B-00C04F79EFBC}") = "Ursa.Themes.Semi", "Ursa.Themes.Semi\Ursa.Themes.Semi.csproj", "{FFB0F45D-B447-41CC-8833-02FF2FA371F7}"
EndProject
Project("{FAE04EC0-301F-11D3-BF4B-00C04F79EFBC}") = "KeeZ.WPF", "KeeZ.WPF\KeeZ.WPF.csproj", "{AA9F4E34-3A3D-4B8A-977E-AD31B1F4F480}"
EndProject
Project("{FAE04EC0-301F-11D3-BF4B-00C04F79EFBC}") = "KeeZ.App", "KeeZ.App\KeeZ.App.csproj", "{F6387E52-F766-4484-AC6E-6C7554041E8B}"
EndProject
Global
	GlobalSection(SolutionConfigurationPlatforms) = preSolution
		Debug|Any CPU = Debug|Any CPU
		Release|Any CPU = Release|Any CPU
	EndGlobalSection
	GlobalSection(ProjectConfigurationPlatforms) = postSolution
		{9F97115D-8264-4BE1-87D4-DC59A0DD1234}.Debug|Any CPU.ActiveCfg = Debug|Any CPU
		{9F97115D-8264-4BE1-87D4-DC59A0DD1234}.Debug|Any CPU.Build.0 = Debug|Any CPU
		{9F97115D-8264-4BE1-87D4-DC59A0DD1234}.Release|Any CPU.ActiveCfg = Release|Any CPU
		{9F97115D-8264-4BE1-87D4-DC59A0DD1234}.Release|Any CPU.Build.0 = Release|Any CPU
		{FFB0F45D-B447-41CC-8833-02FF2FA371F7}.Debug|Any CPU.ActiveCfg = Debug|Any CPU
		{FFB0F45D-B447-41CC-8833-02FF2FA371F7}.Debug|Any CPU.Build.0 = Debug|Any CPU
		{FFB0F45D-B447-41CC-8833-02FF2FA371F7}.Release|Any CPU.ActiveCfg = Release|Any CPU
		{FFB0F45D-B447-41CC-8833-02FF2FA371F7}.Release|Any CPU.Build.0 = Release|Any CPU
		{AA9F4E34-3A3D-4B8A-977E-AD31B1F4F480}.Debug|Any CPU.ActiveCfg = Debug|Any CPU
		{AA9F4E34-3A3D-4B8A-977E-AD31B1F4F480}.Debug|Any CPU.Build.0 = Debug|Any CPU
		{AA9F4E34-3A3D-4B8A-977E-AD31B1F4F480}.Release|Any CPU.ActiveCfg = Release|Any CPU
		{AA9F4E34-3A3D-4B8A-977E-AD31B1F4F480}.Release|Any CPU.Build.0 = Release|Any CPU
		{F6387E52-F766-4484-AC6E-6C7554041E8B}.Debug|Any CPU.ActiveCfg = Debug|Any CPU
		{F6387E52-F766-4484-AC6E-6C7554041E8B}.Debug|Any CPU.Build.0 = Debug|Any CPU
		{F6387E52-F766-4484-AC6E-6C7554041E8B}.Release|Any CPU.ActiveCfg = Release|Any CPU
		{F6387E52-F766-4484-AC6E-6C7554041E8B}.Release|Any CPU.Build.0 = Release|Any CPU
	EndGlobalSection
	GlobalSection(SolutionProperties) = preSolution
		HideSolutionNode = FALSE
	EndGlobalSection
	GlobalSection(NestedProjects) = preSolution
	EndGlobalSection
EndGlobal
